
Microsoft Visual Studio Solution File, Format Version 12.00
# Visual Studio 15
VisualStudioVersion = 15.0.28307.1705
MinimumVisualStudioVersion = 10.0.40219.1
Project("{FAE04EC0-301F-11D3-BF4B-00C04F79EFBC}") = "FolderHelper", "FolderHelper.csproj", "{9DDFC304-2E8C-438F-AA1A-A5BAEAFADE21}"
EndProject
Global
	GlobalSection(SolutionConfigurationPlatforms) = preSolution
		Debug|Any CPU = Debug|Any CPU
		Release|Any CPU = Release|Any CPU
	EndGlobalSection
	GlobalSection(ProjectConfigurationPlatforms) = postSolution
		{9DDFC304-2E8C-438F-AA1A-A5BAEAFADE21}.Debug|Any CPU.ActiveCfg = Debug|Any CPU
		{9DDFC304-2E8C-438F-AA1A-A5BAEAFADE21}.Debug|Any CPU.Build.0 = Debug|Any CPU
		{9DDFC304-2E8C-438F-AA1A-A5BAEAFADE21}.Release|Any CPU.ActiveCfg = Release|Any CPU
		{9DDFC304-2E8C-438F-AA1A-A5BAEAFADE21}.Release|Any CPU.Build.0 = Release|Any CPU
	EndGlobalSection
	GlobalSection(SolutionProperties) = preSolution
		HideSolutionNode = FALSE
	EndGlobalSection
	GlobalSection(ExtensibilityGlobals) = postSolution
		SolutionGuid = {F51292AA-26EB-405C-AC95-94F9B6CA6DE8}
	EndGlobalSection
EndGlobal
